
Microsoft Visual Studio Solution File, Format Version 12.00
# Visual Studio Version 17
VisualStudioVersion = 17.1.32210.238
MinimumVisualStudioVersion = 10.0.40219.1
Project("{8BC9CEB8-8B4A-11D0-8D11-00A0C91BC942}") = "qspim", "qspim.vcxproj", "{C68577AC-5433-4B27-8C67-6F2C15973B35}"
EndProject
Global
	GlobalSection(SolutionConfigurationPlatforms) = preSolution
		DECRYPT Debug|ARM = DECRYPT Debug|ARM
		DECRYPT Debug|x64 = DECRYPT Debug|x64
		DECRYPT Debug|x86 = DECRYPT Debug|x86
		ENCRYPT Debug|ARM = ENCRYPT Debug|ARM
		ENCRYPT Debug|x64 = ENCRYPT Debug|x64
		ENCRYPT Debug|x86 = ENCRYPT Debug|x86
		LOOPBACK Debug|ARM = LOOPBACK Debug|ARM
		LOOPBACK Debug|x64 = LOOPBACK Debug|x64
		LOOPBACK Debug|x86 = LOOPBACK Debug|x86
		Release|ARM = Release|ARM
		Release|x64 = Release|x64
		Release|x86 = Release|x86
		TRNG Debug|ARM = TRNG Debug|ARM
		TRNG Debug|x64 = TRNG Debug|x64
		TRNG Debug|x86 = TRNG Debug|x86
	EndGlobalSection
	GlobalSection(ProjectConfigurationPlatforms) = postSolution
		{C68577AC-5433-4B27-8C67-6F2C15973B35}.DECRYPT Debug|ARM.ActiveCfg = DECRYPT Debug|ARM
		{C68577AC-5433-4B27-8C67-6F2C15973B35}.DECRYPT Debug|ARM.Build.0 = DECRYPT Debug|ARM
		{C68577AC-5433-4B27-8C67-6F2C15973B35}.DECRYPT Debug|x64.ActiveCfg = DECRYPT Debug|x64
		{C68577AC-5433-4B27-8C67-6F2C15973B35}.DECRYPT Debug|x64.Build.0 = DECRYPT Debug|x64
		{C68577AC-5433-4B27-8C67-6F2C15973B35}.DECRYPT Debug|x86.ActiveCfg = DECRYPT Debug|Win32
		{C68577AC-5433-4B27-8C67-6F2C15973B35}.DECRYPT Debug|x86.Build.0 = DECRYPT Debug|Win32
		{C68577AC-5433-4B27-8C67-6F2C15973B35}.ENCRYPT Debug|ARM.ActiveCfg = ENCRYPT Debug|ARM
		{C68577AC-5433-4B27-8C67-6F2C15973B35}.ENCRYPT Debug|ARM.Build.0 = ENCRYPT Debug|ARM
		{C68577AC-5433-4B27-8C67-6F2C15973B35}.ENCRYPT Debug|x64.ActiveCfg = ENCRYPT Debug|x64
		{C68577AC-5433-4B27-8C67-6F2C15973B35}.ENCRYPT Debug|x64.Build.0 = ENCRYPT Debug|x64
		{C68577AC-5433-4B27-8C67-6F2C15973B35}.ENCRYPT Debug|x86.ActiveCfg = ENCRYPT Debug|Win32
		{C68577AC-5433-4B27-8C67-6F2C15973B35}.ENCRYPT Debug|x86.Build.0 = ENCRYPT Debug|Win32
		{C68577AC-5433-4B27-8C67-6F2C15973B35}.LOOPBACK Debug|ARM.ActiveCfg = LOOPBACK Debug|ARM
		{C68577AC-5433-4B27-8C67-6F2C15973B35}.LOOPBACK Debug|ARM.Build.0 = LOOPBACK Debug|ARM
		{C68577AC-5433-4B27-8C67-6F2C15973B35}.LOOPBACK Debug|x64.ActiveCfg = LOOPBACK Debug|x64
		{C68577AC-5433-4B27-8C67-6F2C15973B35}.LOOPBACK Debug|x64.Build.0 = LOOPBACK Debug|x64
		{C68577AC-5433-4B27-8C67-6F2C15973B35}.LOOPBACK Debug|x86.ActiveCfg = LOOPBACK Debug|Win32
		{C68577AC-5433-4B27-8C67-6F2C15973B35}.LOOPBACK Debug|x86.Build.0 = LOOPBACK Debug|Win32
		{C68577AC-5433-4B27-8C67-6F2C15973B35}.Release|ARM.ActiveCfg = Release|ARM
		{C68577AC-5433-4B27-8C67-6F2C15973B35}.Release|ARM.Build.0 = Release|ARM
		{C68577AC-5433-4B27-8C67-6F2C15973B35}.Release|x64.ActiveCfg = Release|Win32
		{C68577AC-5433-4B27-8C67-6F2C15973B35}.Release|x64.Build.0 = Release|Win32
		{C68577AC-5433-4B27-8C67-6F2C15973B35}.Release|x86.ActiveCfg = Release|Win32
		{C68577AC-5433-4B27-8C67-6F2C15973B35}.Release|x86.Build.0 = Release|Win32
		{C68577AC-5433-4B27-8C67-6F2C15973B35}.TRNG Debug|ARM.ActiveCfg = TRNG Debug|ARM
		{C68577AC-5433-4B27-8C67-6F2C15973B35}.TRNG Debug|ARM.Build.0 = TRNG Debug|ARM
		{C68577AC-5433-4B27-8C67-6F2C15973B35}.TRNG Debug|x64.ActiveCfg = TRNG Debug|x64
		{C68577AC-5433-4B27-8C67-6F2C15973B35}.TRNG Debug|x64.Build.0 = TRNG Debug|x64
		{C68577AC-5433-4B27-8C67-6F2C15973B35}.TRNG Debug|x86.ActiveCfg = TRNG Debug|Win32
		{C68577AC-5433-4B27-8C67-6F2C15973B35}.TRNG Debug|x86.Build.0 = TRNG Debug|Win32
	EndGlobalSection
	GlobalSection(SolutionProperties) = preSolution
		HideSolutionNode = FALSE
	EndGlobalSection
	GlobalSection(ExtensibilityGlobals) = postSolution
		SolutionGuid = {C0A8105A-DD9E-4593-B7F4-FFA02EB8C701}
	EndGlobalSection
EndGlobal
